// !$*UTF8*$!
{
	archiveVersion = 1;
	classes = {
	};
	objectVersion = 56;
	objects = {

/* Begin PBXBuildFile section */
		28B5BA6D2A5F00DB00CA1D07 /* AppDelegate.swift in Sources */ = {isa = PBXBuildFile; fileRef = 28B5BA6C2A5F00DB00CA1D07 /* AppDelegate.swift */; };
		28B5BA6F2A5F00DB00CA1D07 /* SceneDelegate.swift in Sources */ = {isa = PBXBuildFile; fileRef = 28B5BA6E2A5F00DB00CA1D07 /* SceneDelegate.swift */; };
		28B5BA712A5F00DB00CA1D07 /* GoalViewController.swift in Sources */ = {isa = PBXBuildFile; fileRef = 28B5BA702A5F00DB00CA1D07 /* GoalViewController.swift */; };
		28B5BA762A5F00DD00CA1D07 /* Assets.xcassets in Resources */ = {isa = PBXBuildFile; fileRef = 28B5BA752A5F00DD00CA1D07 /* Assets.xcassets */; };
		28B5BA792A5F00DD00CA1D07 /* LaunchScreen.storyboard in Resources */ = {isa = PBXBuildFile; fileRef = 28B5BA772A5F00DD00CA1D07 /* LaunchScreen.storyboard */; };
		28B5BA812A5F019B00CA1D07 /* CommunityViewController.swift in Sources */ = {isa = PBXBuildFile; fileRef = 28B5BA802A5F019B00CA1D07 /* CommunityViewController.swift */; };
		28B5BA832A5F01B700CA1D07 /* SettingViewController.swift in Sources */ = {isa = PBXBuildFile; fileRef = 28B5BA822A5F01B700CA1D07 /* SettingViewController.swift */; };
		28B5BA872A5F045700CA1D07 /* RxCocoa in Frameworks */ = {isa = PBXBuildFile; productRef = 28B5BA862A5F045700CA1D07 /* RxCocoa */; };
		28B5BA892A5F045700CA1D07 /* RxRelay in Frameworks */ = {isa = PBXBuildFile; productRef = 28B5BA882A5F045700CA1D07 /* RxRelay */; };
		28B5BA8B2A5F045700CA1D07 /* RxSwift in Frameworks */ = {isa = PBXBuildFile; productRef = 28B5BA8A2A5F045700CA1D07 /* RxSwift */; };
		28B5BA8E2A5F048F00CA1D07 /* ReactorKit in Frameworks */ = {isa = PBXBuildFile; productRef = 28B5BA8D2A5F048F00CA1D07 /* ReactorKit */; };
		28B5BA912A5F04C300CA1D07 /* RxFlow in Frameworks */ = {isa = PBXBuildFile; productRef = 28B5BA902A5F04C300CA1D07 /* RxFlow */; };
		28B5BA952A5F085100CA1D07 /* FirebaseAuth in Frameworks */ = {isa = PBXBuildFile; productRef = 28B5BA942A5F085100CA1D07 /* FirebaseAuth */; };
		28B5BA982A5F08F100CA1D07 /* GoogleService-Info.plist in Resources */ = {isa = PBXBuildFile; fileRef = 28B5BA972A5F08F100CA1D07 /* GoogleService-Info.plist */; };
		28B5BA9B2A5F102B00CA1D07 /* Then in Frameworks */ = {isa = PBXBuildFile; productRef = 28B5BA9A2A5F102B00CA1D07 /* Then */; };
		28B5BA9E2A5F106D00CA1D07 /* SnapKit in Frameworks */ = {isa = PBXBuildFile; productRef = 28B5BA9D2A5F106D00CA1D07 /* SnapKit */; };
/* End PBXBuildFile section */

/* Begin PBXFileReference section */
		28B5BA692A5F00DB00CA1D07 /* ShareYourGoal.app */ = {isa = PBXFileReference; explicitFileType = wrapper.application; includeInIndex = 0; path = ShareYourGoal.app; sourceTree = BUILT_PRODUCTS_DIR; };
		28B5BA6C2A5F00DB00CA1D07 /* AppDelegate.swift */ = {isa = PBXFileReference; lastKnownFileType = sourcecode.swift; path = AppDelegate.swift; sourceTree = "<group>"; };
		28B5BA6E2A5F00DB00CA1D07 /* SceneDelegate.swift */ = {isa = PBXFileReference; lastKnownFileType = sourcecode.swift; path = SceneDelegate.swift; sourceTree = "<group>"; };
		28B5BA702A5F00DB00CA1D07 /* GoalViewController.swift */ = {isa = PBXFileReference; lastKnownFileType = sourcecode.swift; path = GoalViewController.swift; sourceTree = "<group>"; };
		28B5BA752A5F00DD00CA1D07 /* Assets.xcassets */ = {isa = PBXFileReference; lastKnownFileType = folder.assetcatalog; path = Assets.xcassets; sourceTree = "<group>"; };
		28B5BA782A5F00DD00CA1D07 /* Base */ = {isa = PBXFileReference; lastKnownFileType = file.storyboard; name = Base; path = Base.lproj/LaunchScreen.storyboard; sourceTree = "<group>"; };
		28B5BA7A2A5F00DD00CA1D07 /* Info.plist */ = {isa = PBXFileReference; lastKnownFileType = text.plist.xml; path = Info.plist; sourceTree = "<group>"; };
		28B5BA802A5F019B00CA1D07 /* CommunityViewController.swift */ = {isa = PBXFileReference; lastKnownFileType = sourcecode.swift; path = CommunityViewController.swift; sourceTree = "<group>"; };
		28B5BA822A5F01B700CA1D07 /* SettingViewController.swift */ = {isa = PBXFileReference; lastKnownFileType = sourcecode.swift; path = SettingViewController.swift; sourceTree = "<group>"; };
		28B5BA922A5F07FF00CA1D07 /* ShareYourGoal.entitlements */ = {isa = PBXFileReference; lastKnownFileType = text.plist.entitlements; path = ShareYourGoal.entitlements; sourceTree = "<group>"; };
		28B5BA972A5F08F100CA1D07 /* GoogleService-Info.plist */ = {isa = PBXFileReference; fileEncoding = 4; lastKnownFileType = text.plist.xml; path = "GoogleService-Info.plist"; sourceTree = "<group>"; };
/* End PBXFileReference section */

/* Begin PBXFrameworksBuildPhase section */
		28B5BA662A5F00DB00CA1D07 /* Frameworks */ = {
			isa = PBXFrameworksBuildPhase;
			buildActionMask = 2147483647;
			files = (
				28B5BA912A5F04C300CA1D07 /* RxFlow in Frameworks */,
				28B5BA9E2A5F106D00CA1D07 /* SnapKit in Frameworks */,
				28B5BA952A5F085100CA1D07 /* FirebaseAuth in Frameworks */,
				28B5BA8B2A5F045700CA1D07 /* RxSwift in Frameworks */,
				28B5BA9B2A5F102B00CA1D07 /* Then in Frameworks */,
				28B5BA892A5F045700CA1D07 /* RxRelay in Frameworks */,
				28B5BA8E2A5F048F00CA1D07 /* ReactorKit in Frameworks */,
				28B5BA872A5F045700CA1D07 /* RxCocoa in Frameworks */,
			);
			runOnlyForDeploymentPostprocessing = 0;
		};
/* End PBXFrameworksBuildPhase section */

/* Begin PBXGroup section */
		28B5BA602A5F00DB00CA1D07 = {
			isa = PBXGroup;
			children = (
				28B5BA6B2A5F00DB00CA1D07 /* ShareYourGoal */,
				28B5BA6A2A5F00DB00CA1D07 /* Products */,
			);
			sourceTree = "<group>";
		};
		28B5BA6A2A5F00DB00CA1D07 /* Products */ = {
			isa = PBXGroup;
			children = (
				28B5BA692A5F00DB00CA1D07 /* ShareYourGoal.app */,
			);
			name = Products;
			sourceTree = "<group>";
		};
		28B5BA6B2A5F00DB00CA1D07 /* ShareYourGoal */ = {
			isa = PBXGroup;
			children = (
				28B5BA922A5F07FF00CA1D07 /* ShareYourGoal.entitlements */,
				28B5BA962A5F08BE00CA1D07 /* resource */,
				28B5BA842A5F03FC00CA1D07 /* ViewController */,
				28B5BA752A5F00DD00CA1D07 /* Assets.xcassets */,
				28B5BA772A5F00DD00CA1D07 /* LaunchScreen.storyboard */,
				28B5BA7A2A5F00DD00CA1D07 /* Info.plist */,
			);
			path = ShareYourGoal;
			sourceTree = "<group>";
		};
		28B5BA842A5F03FC00CA1D07 /* ViewController */ = {
			isa = PBXGroup;
			children = (
				28B5BA702A5F00DB00CA1D07 /* GoalViewController.swift */,
				28B5BA802A5F019B00CA1D07 /* CommunityViewController.swift */,
				28B5BA822A5F01B700CA1D07 /* SettingViewController.swift */,
			);
			path = ViewController;
			sourceTree = "<group>";
		};
		28B5BA962A5F08BE00CA1D07 /* resource */ = {
			isa = PBXGroup;
			children = (
				28B5BA6C2A5F00DB00CA1D07 /* AppDelegate.swift */,
				28B5BA6E2A5F00DB00CA1D07 /* SceneDelegate.swift */,
				28B5BA972A5F08F100CA1D07 /* GoogleService-Info.plist */,
			);
			path = resource;
			sourceTree = "<group>";
		};
/* End PBXGroup section */

/* Begin PBXNativeTarget section */
		28B5BA682A5F00DB00CA1D07 /* ShareYourGoal */ = {
			isa = PBXNativeTarget;
			buildConfigurationList = 28B5BA7D2A5F00DD00CA1D07 /* Build configuration list for PBXNativeTarget "ShareYourGoal" */;
			buildPhases = (
				28B5BA652A5F00DB00CA1D07 /* Sources */,
				28B5BA662A5F00DB00CA1D07 /* Frameworks */,
				28B5BA672A5F00DB00CA1D07 /* Resources */,
			);
			buildRules = (
			);
			dependencies = (
			);
			name = ShareYourGoal;
			packageProductDependencies = (
				28B5BA862A5F045700CA1D07 /* RxCocoa */,
				28B5BA882A5F045700CA1D07 /* RxRelay */,
				28B5BA8A2A5F045700CA1D07 /* RxSwift */,
				28B5BA8D2A5F048F00CA1D07 /* ReactorKit */,
				28B5BA902A5F04C300CA1D07 /* RxFlow */,
				28B5BA942A5F085100CA1D07 /* FirebaseAuth */,
				28B5BA9A2A5F102B00CA1D07 /* Then */,
				28B5BA9D2A5F106D00CA1D07 /* SnapKit */,
			);
			productName = ShareYourGoal;
			productReference = 28B5BA692A5F00DB00CA1D07 /* ShareYourGoal.app */;
			productType = "com.apple.product-type.application";
		};
/* End PBXNativeTarget section */

/* Begin PBXProject section */
		28B5BA612A5F00DB00CA1D07 /* Project object */ = {
			isa = PBXProject;
			attributes = {
				BuildIndependentTargetsInParallel = 1;
				LastSwiftUpdateCheck = 1430;
				LastUpgradeCheck = 1430;
				TargetAttributes = {
					28B5BA682A5F00DB00CA1D07 = {
						CreatedOnToolsVersion = 14.3.1;
					};
				};
			};
			buildConfigurationList = 28B5BA642A5F00DB00CA1D07 /* Build configuration list for PBXProject "ShareYourGoal" */;
			compatibilityVersion = "Xcode 14.0";
			developmentRegion = en;
			hasScannedForEncodings = 0;
			knownRegions = (
				en,
				Base,
			);
			mainGroup = 28B5BA602A5F00DB00CA1D07;
			packageReferences = (
				28B5BA852A5F045700CA1D07 /* XCRemoteSwiftPackageReference "RxSwift" */,
				28B5BA8C2A5F048F00CA1D07 /* XCRemoteSwiftPackageReference "ReactorKit" */,
				28B5BA8F2A5F04C300CA1D07 /* XCRemoteSwiftPackageReference "RxFlow" */,
				28B5BA932A5F085100CA1D07 /* XCRemoteSwiftPackageReference "firebase-ios-sdk" */,
				28B5BA992A5F102B00CA1D07 /* XCRemoteSwiftPackageReference "Then" */,
				28B5BA9C2A5F106D00CA1D07 /* XCRemoteSwiftPackageReference "SnapKit" */,
			);
			productRefGroup = 28B5BA6A2A5F00DB00CA1D07 /* Products */;
			projectDirPath = "";
			projectRoot = "";
			targets = (
				28B5BA682A5F00DB00CA1D07 /* ShareYourGoal */,
			);
		};
/* End PBXProject section */

/* Begin PBXResourcesBuildPhase section */
		28B5BA672A5F00DB00CA1D07 /* Resources */ = {
			isa = PBXResourcesBuildPhase;
			buildActionMask = 2147483647;
			files = (
				28B5BA792A5F00DD00CA1D07 /* LaunchScreen.storyboard in Resources */,
				28B5BA762A5F00DD00CA1D07 /* Assets.xcassets in Resources */,
				28B5BA982A5F08F100CA1D07 /* GoogleService-Info.plist in Resources */,
			);
			runOnlyForDeploymentPostprocessing = 0;
		};
/* End PBXResourcesBuildPhase section */

/* Begin PBXSourcesBuildPhase section */
		28B5BA652A5F00DB00CA1D07 /* Sources */ = {
			isa = PBXSourcesBuildPhase;
			buildActionMask = 2147483647;
			files = (
				28B5BA832A5F01B700CA1D07 /* SettingViewController.swift in Sources */,
				28B5BA812A5F019B00CA1D07 /* CommunityViewController.swift in Sources */,
				28B5BA712A5F00DB00CA1D07 /* GoalViewController.swift in Sources */,
				28B5BA6D2A5F00DB00CA1D07 /* AppDelegate.swift in Sources */,
				28B5BA6F2A5F00DB00CA1D07 /* SceneDelegate.swift in Sources */,
			);
			runOnlyForDeploymentPostprocessing = 0;
		};
/* End PBXSourcesBuildPhase section */

/* Begin PBXVariantGroup section */
		28B5BA772A5F00DD00CA1D07 /* LaunchScreen.storyboard */ = {
			isa = PBXVariantGroup;
			children = (
				28B5BA782A5F00DD00CA1D07 /* Base */,
			);
			name = LaunchScreen.storyboard;
			sourceTree = "<group>";
		};
/* End PBXVariantGroup section */

/* Begin XCBuildConfiguration section */
		28B5BA7B2A5F00DD00CA1D07 /* Debug */ = {
			isa = XCBuildConfiguration;
			buildSettings = {
				ALWAYS_SEARCH_USER_PATHS = NO;
				CLANG_ANALYZER_NONNULL = YES;
				CLANG_ANALYZER_NUMBER_OBJECT_CONVERSION = YES_AGGRESSIVE;
				CLANG_CXX_LANGUAGE_STANDARD = "gnu++20";
				CLANG_ENABLE_MODULES = YES;
				CLANG_ENABLE_OBJC_ARC = YES;
				CLANG_ENABLE_OBJC_WEAK = YES;
				CLANG_WARN_BLOCK_CAPTURE_AUTORELEASING = YES;
				CLANG_WARN_BOOL_CONVERSION = YES;
				CLANG_WARN_COMMA = YES;
				CLANG_WARN_CONSTANT_CONVERSION = YES;
				CLANG_WARN_DEPRECATED_OBJC_IMPLEMENTATIONS = YES;
				CLANG_WARN_DIRECT_OBJC_ISA_USAGE = YES_ERROR;
				CLANG_WARN_DOCUMENTATION_COMMENTS = YES;
				CLANG_WARN_EMPTY_BODY = YES;
				CLANG_WARN_ENUM_CONVERSION = YES;
				CLANG_WARN_INFINITE_RECURSION = YES;
				CLANG_WARN_INT_CONVERSION = YES;
				CLANG_WARN_NON_LITERAL_NULL_CONVERSION = YES;
				CLANG_WARN_OBJC_IMPLICIT_RETAIN_SELF = YES;
				CLANG_WARN_OBJC_LITERAL_CONVERSION = YES;
				CLANG_WARN_OBJC_ROOT_CLASS = YES_ERROR;
				CLANG_WARN_QUOTED_INCLUDE_IN_FRAMEWORK_HEADER = YES;
				CLANG_WARN_RANGE_LOOP_ANALYSIS = YES;
				CLANG_WARN_STRICT_PROTOTYPES = YES;
				CLANG_WARN_SUSPICIOUS_MOVE = YES;
				CLANG_WARN_UNGUARDED_AVAILABILITY = YES_AGGRESSIVE;
				CLANG_WARN_UNREACHABLE_CODE = YES;
				CLANG_WARN__DUPLICATE_METHOD_MATCH = YES;
				COPY_PHASE_STRIP = NO;
				DEBUG_INFORMATION_FORMAT = dwarf;
				ENABLE_STRICT_OBJC_MSGSEND = YES;
				ENABLE_TESTABILITY = YES;
				GCC_C_LANGUAGE_STANDARD = gnu11;
				GCC_DYNAMIC_NO_PIC = NO;
				GCC_NO_COMMON_BLOCKS = YES;
				GCC_OPTIMIZATION_LEVEL = 0;
				GCC_PREPROCESSOR_DEFINITIONS = (
					"DEBUG=1",
					"$(inherited)",
				);
				GCC_WARN_64_TO_32_BIT_CONVERSION = YES;
				GCC_WARN_ABOUT_RETURN_TYPE = YES_ERROR;
				GCC_WARN_UNDECLARED_SELECTOR = YES;
				GCC_WARN_UNINITIALIZED_AUTOS = YES_AGGRESSIVE;
				GCC_WARN_UNUSED_FUNCTION = YES;
				GCC_WARN_UNUSED_VARIABLE = YES;
				IPHONEOS_DEPLOYMENT_TARGET = 16.4;
				MTL_ENABLE_DEBUG_INFO = INCLUDE_SOURCE;
				MTL_FAST_MATH = YES;
				ONLY_ACTIVE_ARCH = YES;
				SDKROOT = iphoneos;
				SWIFT_ACTIVE_COMPILATION_CONDITIONS = DEBUG;
				SWIFT_OPTIMIZATION_LEVEL = "-Onone";
			};
			name = Debug;
		};
		28B5BA7C2A5F00DD00CA1D07 /* Release */ = {
			isa = XCBuildConfiguration;
			buildSettings = {
				ALWAYS_SEARCH_USER_PATHS = NO;
				CLANG_ANALYZER_NONNULL = YES;
				CLANG_ANALYZER_NUMBER_OBJECT_CONVERSION = YES_AGGRESSIVE;
				CLANG_CXX_LANGUAGE_STANDARD = "gnu++20";
				CLANG_ENABLE_MODULES = YES;
				CLANG_ENABLE_OBJC_ARC = YES;
				CLANG_ENABLE_OBJC_WEAK = YES;
				CLANG_WARN_BLOCK_CAPTURE_AUTORELEASING = YES;
				CLANG_WARN_BOOL_CONVERSION = YES;
				CLANG_WARN_COMMA = YES;
				CLANG_WARN_CONSTANT_CONVERSION = YES;
				CLANG_WARN_DEPRECATED_OBJC_IMPLEMENTATIONS = YES;
				CLANG_WARN_DIRECT_OBJC_ISA_USAGE = YES_ERROR;
				CLANG_WARN_DOCUMENTATION_COMMENTS = YES;
				CLANG_WARN_EMPTY_BODY = YES;
				CLANG_WARN_ENUM_CONVERSION = YES;
				CLANG_WARN_INFINITE_RECURSION = YES;
				CLANG_WARN_INT_CONVERSION = YES;
				CLANG_WARN_NON_LITERAL_NULL_CONVERSION = YES;
				CLANG_WARN_OBJC_IMPLICIT_RETAIN_SELF = YES;
				CLANG_WARN_OBJC_LITERAL_CONVERSION = YES;
				CLANG_WARN_OBJC_ROOT_CLASS = YES_ERROR;
				CLANG_WARN_QUOTED_INCLUDE_IN_FRAMEWORK_HEADER = YES;
				CLANG_WARN_RANGE_LOOP_ANALYSIS = YES;
				CLANG_WARN_STRICT_PROTOTYPES = YES;
				CLANG_WARN_SUSPICIOUS_MOVE = YES;
				CLANG_WARN_UNGUARDED_AVAILABILITY = YES_AGGRESSIVE;
				CLANG_WARN_UNREACHABLE_CODE = YES;
				CLANG_WARN__DUPLICATE_METHOD_MATCH = YES;
				COPY_PHASE_STRIP = NO;
				DEBUG_INFORMATION_FORMAT = "dwarf-with-dsym";
				ENABLE_NS_ASSERTIONS = NO;
				ENABLE_STRICT_OBJC_MSGSEND = YES;
				GCC_C_LANGUAGE_STANDARD = gnu11;
				GCC_NO_COMMON_BLOCKS = YES;
				GCC_WARN_64_TO_32_BIT_CONVERSION = YES;
				GCC_WARN_ABOUT_RETURN_TYPE = YES_ERROR;
				GCC_WARN_UNDECLARED_SELECTOR = YES;
				GCC_WARN_UNINITIALIZED_AUTOS = YES_AGGRESSIVE;
				GCC_WARN_UNUSED_FUNCTION = YES;
				GCC_WARN_UNUSED_VARIABLE = YES;
				IPHONEOS_DEPLOYMENT_TARGET = 16.4;
				MTL_ENABLE_DEBUG_INFO = NO;
				MTL_FAST_MATH = YES;
				SDKROOT = iphoneos;
				SWIFT_COMPILATION_MODE = wholemodule;
				SWIFT_OPTIMIZATION_LEVEL = "-O";
				VALIDATE_PRODUCT = YES;
			};
			name = Release;
		};
		28B5BA7E2A5F00DD00CA1D07 /* Debug */ = {
			isa = XCBuildConfiguration;
			buildSettings = {
				ASSETCATALOG_COMPILER_APPICON_NAME = AppIcon;
				ASSETCATALOG_COMPILER_GLOBAL_ACCENT_COLOR_NAME = AccentColor;
				CODE_SIGN_ENTITLEMENTS = ShareYourGoal/ShareYourGoal.entitlements;
				CODE_SIGN_STYLE = Automatic;
				CURRENT_PROJECT_VERSION = 1;
				DEVELOPMENT_TEAM = 6YZVGHXP9V;
				GENERATE_INFOPLIST_FILE = YES;
				INFOPLIST_FILE = ShareYourGoal/Info.plist;
				INFOPLIST_KEY_UIApplicationSupportsIndirectInputEvents = YES;
				INFOPLIST_KEY_UILaunchStoryboardName = LaunchScreen;
				INFOPLIST_KEY_UISupportedInterfaceOrientations_iPad = "UIInterfaceOrientationPortrait UIInterfaceOrientationPortraitUpsideDown UIInterfaceOrientationLandscapeLeft UIInterfaceOrientationLandscapeRight";
				INFOPLIST_KEY_UISupportedInterfaceOrientations_iPhone = "UIInterfaceOrientationPortrait UIInterfaceOrientationLandscapeLeft UIInterfaceOrientationLandscapeRight";
				LD_RUNPATH_SEARCH_PATHS = (
					"$(inherited)",
					"@executable_path/Frameworks",
				);
				MARKETING_VERSION = 1.0;
				PRODUCT_BUNDLE_IDENTIFIER = "com.gmail-dazzledazzleb.ShareYourGoal";
				PRODUCT_NAME = "$(TARGET_NAME)";
				SWIFT_EMIT_LOC_STRINGS = YES;
				SWIFT_VERSION = 5.0;
				TARGETED_DEVICE_FAMILY = "1,2";
			};
			name = Debug;
		};
		28B5BA7F2A5F00DD00CA1D07 /* Release */ = {
			isa = XCBuildConfiguration;
			buildSettings = {
				ASSETCATALOG_COMPILER_APPICON_NAME = AppIcon;
				ASSETCATALOG_COMPILER_GLOBAL_ACCENT_COLOR_NAME = AccentColor;
				CODE_SIGN_ENTITLEMENTS = ShareYourGoal/ShareYourGoal.entitlements;
				CODE_SIGN_STYLE = Automatic;
				CURRENT_PROJECT_VERSION = 1;
				DEVELOPMENT_TEAM = 6YZVGHXP9V;
				GENERATE_INFOPLIST_FILE = YES;
				INFOPLIST_FILE = ShareYourGoal/Info.plist;
				INFOPLIST_KEY_UIApplicationSupportsIndirectInputEvents = YES;
				INFOPLIST_KEY_UILaunchStoryboardName = LaunchScreen;
				INFOPLIST_KEY_UISupportedInterfaceOrientations_iPad = "UIInterfaceOrientationPortrait UIInterfaceOrientationPortraitUpsideDown UIInterfaceOrientationLandscapeLeft UIInterfaceOrientationLandscapeRight";
				INFOPLIST_KEY_UISupportedInterfaceOrientations_iPhone = "UIInterfaceOrientationPortrait UIInterfaceOrientationLandscapeLeft UIInterfaceOrientationLandscapeRight";
				LD_RUNPATH_SEARCH_PATHS = (
					"$(inherited)",
					"@executable_path/Frameworks",
				);
				MARKETING_VERSION = 1.0;
				PRODUCT_BUNDLE_IDENTIFIER = "com.gmail-dazzledazzleb.ShareYourGoal";
				PRODUCT_NAME = "$(TARGET_NAME)";
				SWIFT_EMIT_LOC_STRINGS = YES;
				SWIFT_VERSION = 5.0;
				TARGETED_DEVICE_FAMILY = "1,2";
			};
			name = Release;
		};
/* End XCBuildConfiguration section */

/* Begin XCConfigurationList section */
		28B5BA642A5F00DB00CA1D07 /* Build configuration list for PBXProject "ShareYourGoal" */ = {
			isa = XCConfigurationList;
			buildConfigurations = (
				28B5BA7B2A5F00DD00CA1D07 /* Debug */,
				28B5BA7C2A5F00DD00CA1D07 /* Release */,
			);
			defaultConfigurationIsVisible = 0;
			defaultConfigurationName = Release;
		};
		28B5BA7D2A5F00DD00CA1D07 /* Build configuration list for PBXNativeTarget "ShareYourGoal" */ = {
			isa = XCConfigurationList;
			buildConfigurations = (
				28B5BA7E2A5F00DD00CA1D07 /* Debug */,
				28B5BA7F2A5F00DD00CA1D07 /* Release */,
			);
			defaultConfigurationIsVisible = 0;
			defaultConfigurationName = Release;
		};
/* End XCConfigurationList section */

/* Begin XCRemoteSwiftPackageReference section */
		28B5BA852A5F045700CA1D07 /* XCRemoteSwiftPackageReference "RxSwift" */ = {
			isa = XCRemoteSwiftPackageReference;
			repositoryURL = "https://github.com/ReactiveX/RxSwift.git";
			requirement = {
				kind = upToNextMajorVersion;
				minimumVersion = 6.0.0;
			};
		};
		28B5BA8C2A5F048F00CA1D07 /* XCRemoteSwiftPackageReference "ReactorKit" */ = {
			isa = XCRemoteSwiftPackageReference;
			repositoryURL = "https://github.com/ReactorKit/ReactorKit.git";
			requirement = {
				kind = upToNextMajorVersion;
				minimumVersion = 3.0.0;
			};
		};
		28B5BA8F2A5F04C300CA1D07 /* XCRemoteSwiftPackageReference "RxFlow" */ = {
			isa = XCRemoteSwiftPackageReference;
			repositoryURL = "https://github.com/RxSwiftCommunity/RxFlow.git";
			requirement = {
				kind = upToNextMajorVersion;
				minimumVersion = 2.0.0;
			};
		};
		28B5BA932A5F085100CA1D07 /* XCRemoteSwiftPackageReference "firebase-ios-sdk" */ = {
			isa = XCRemoteSwiftPackageReference;
			repositoryURL = "https://github.com/firebase/firebase-ios-sdk";
			requirement = {
				kind = upToNextMajorVersion;
				minimumVersion = 10.0.0;
			};
		};
		28B5BA992A5F102B00CA1D07 /* XCRemoteSwiftPackageReference "Then" */ = {
			isa = XCRemoteSwiftPackageReference;
			repositoryURL = "https://github.com/devxoul/Then";
			requirement = {
				kind = upToNextMajorVersion;
				minimumVersion = 3.0.0;
			};
		};
		28B5BA9C2A5F106D00CA1D07 /* XCRemoteSwiftPackageReference "SnapKit" */ = {
			isa = XCRemoteSwiftPackageReference;
			repositoryURL = "https://github.com/SnapKit/SnapKit.git";
			requirement = {
				kind = upToNextMajorVersion;
				minimumVersion = 5.0.0;
			};
		};
/* End XCRemoteSwiftPackageReference section */

/* Begin XCSwiftPackageProductDependency section */
		28B5BA862A5F045700CA1D07 /* RxCocoa */ = {
			isa = XCSwiftPackageProductDependency;
			package = 28B5BA852A5F045700CA1D07 /* XCRemoteSwiftPackageReference "RxSwift" */;
			productName = RxCocoa;
		};
		28B5BA882A5F045700CA1D07 /* RxRelay */ = {
			isa = XCSwiftPackageProductDependency;
			package = 28B5BA852A5F045700CA1D07 /* XCRemoteSwiftPackageReference "RxSwift" */;
			productName = RxRelay;
		};
		28B5BA8A2A5F045700CA1D07 /* RxSwift */ = {
			isa = XCSwiftPackageProductDependency;
			package = 28B5BA852A5F045700CA1D07 /* XCRemoteSwiftPackageReference "RxSwift" */;
			productName = RxSwift;
		};
		28B5BA8D2A5F048F00CA1D07 /* ReactorKit */ = {
			isa = XCSwiftPackageProductDependency;
			package = 28B5BA8C2A5F048F00CA1D07 /* XCRemoteSwiftPackageReference "ReactorKit" */;
			productName = ReactorKit;
		};
		28B5BA902A5F04C300CA1D07 /* RxFlow */ = {
			isa = XCSwiftPackageProductDependency;
			package = 28B5BA8F2A5F04C300CA1D07 /* XCRemoteSwiftPackageReference "RxFlow" */;
			productName = RxFlow;
		};
		28B5BA942A5F085100CA1D07 /* FirebaseAuth */ = {
			isa = XCSwiftPackageProductDependency;
			package = 28B5BA932A5F085100CA1D07 /* XCRemoteSwiftPackageReference "firebase-ios-sdk" */;
			productName = FirebaseAuth;
		};
		28B5BA9A2A5F102B00CA1D07 /* Then */ = {
			isa = XCSwiftPackageProductDependency;
			package = 28B5BA992A5F102B00CA1D07 /* XCRemoteSwiftPackageReference "Then" */;
			productName = Then;
		};
		28B5BA9D2A5F106D00CA1D07 /* SnapKit */ = {
			isa = XCSwiftPackageProductDependency;
			package = 28B5BA9C2A5F106D00CA1D07 /* XCRemoteSwiftPackageReference "SnapKit" */;
			productName = SnapKit;
		};
/* End XCSwiftPackageProductDependency section */
	};
	rootObject = 28B5BA612A5F00DB00CA1D07 /* Project object */;
}
