// !$*UTF8*$!
{
	archiveVersion = 1;
	classes = {
	};
	objectVersion = 56;
	objects = {

/* Begin PBXBuildFile section */
		289F02E62A70CCA5007543A1 /* AppFlow.swift in Sources */ = {isa = PBXBuildFile; fileRef = 289F02E52A70CCA5007543A1 /* AppFlow.swift */; };
		289F02E82A70D213007543A1 /* AppStep.swift in Sources */ = {isa = PBXBuildFile; fileRef = 289F02E72A70D213007543A1 /* AppStep.swift */; };
		289F03042A72ACDF007543A1 /* AppStepper.swift in Sources */ = {isa = PBXBuildFile; fileRef = 289F03032A72ACDE007543A1 /* AppStepper.swift */; };
		289F03092A72C722007543A1 /* UIApplication+UIViewController.swift in Sources */ = {isa = PBXBuildFile; fileRef = 289F03082A72C722007543A1 /* UIApplication+UIViewController.swift */; };
		28B5BA6D2A5F00DB00CA1D07 /* AppDelegate.swift in Sources */ = {isa = PBXBuildFile; fileRef = 28B5BA6C2A5F00DB00CA1D07 /* AppDelegate.swift */; };
		28B5BA6F2A5F00DB00CA1D07 /* SceneDelegate.swift in Sources */ = {isa = PBXBuildFile; fileRef = 28B5BA6E2A5F00DB00CA1D07 /* SceneDelegate.swift */; };
		28B5BA712A5F00DB00CA1D07 /* LoginViewController.swift in Sources */ = {isa = PBXBuildFile; fileRef = 28B5BA702A5F00DB00CA1D07 /* LoginViewController.swift */; };
		28B5BA762A5F00DD00CA1D07 /* Assets.xcassets in Resources */ = {isa = PBXBuildFile; fileRef = 28B5BA752A5F00DD00CA1D07 /* Assets.xcassets */; };
		28B5BA792A5F00DD00CA1D07 /* LaunchScreen.storyboard in Resources */ = {isa = PBXBuildFile; fileRef = 28B5BA772A5F00DD00CA1D07 /* LaunchScreen.storyboard */; };
		28B5BA872A5F045700CA1D07 /* RxCocoa in Frameworks */ = {isa = PBXBuildFile; productRef = 28B5BA862A5F045700CA1D07 /* RxCocoa */; };
		28B5BA892A5F045700CA1D07 /* RxRelay in Frameworks */ = {isa = PBXBuildFile; productRef = 28B5BA882A5F045700CA1D07 /* RxRelay */; };
		28B5BA8B2A5F045700CA1D07 /* RxSwift in Frameworks */ = {isa = PBXBuildFile; productRef = 28B5BA8A2A5F045700CA1D07 /* RxSwift */; };
		28B5BA8E2A5F048F00CA1D07 /* ReactorKit in Frameworks */ = {isa = PBXBuildFile; productRef = 28B5BA8D2A5F048F00CA1D07 /* ReactorKit */; };
		28B5BA912A5F04C300CA1D07 /* RxFlow in Frameworks */ = {isa = PBXBuildFile; productRef = 28B5BA902A5F04C300CA1D07 /* RxFlow */; };
		28B5BA952A5F085100CA1D07 /* FirebaseAuth in Frameworks */ = {isa = PBXBuildFile; productRef = 28B5BA942A5F085100CA1D07 /* FirebaseAuth */; };
		28B5BA9B2A5F102B00CA1D07 /* Then in Frameworks */ = {isa = PBXBuildFile; productRef = 28B5BA9A2A5F102B00CA1D07 /* Then */; };
		28B5BA9E2A5F106D00CA1D07 /* SnapKit in Frameworks */ = {isa = PBXBuildFile; productRef = 28B5BA9D2A5F106D00CA1D07 /* SnapKit */; };
		28B5BAA32A5F146F00CA1D07 /* LoginReactor.swift in Sources */ = {isa = PBXBuildFile; fileRef = 28B5BAA22A5F146F00CA1D07 /* LoginReactor.swift */; };
		28B5BAAB2A5F1C1900CA1D07 /* GoogleSignIn in Frameworks */ = {isa = PBXBuildFile; productRef = 28B5BAAA2A5F1C1900CA1D07 /* GoogleSignIn */; };
		28B5BAAD2A5F1C1900CA1D07 /* GoogleSignInSwift in Frameworks */ = {isa = PBXBuildFile; productRef = 28B5BAAC2A5F1C1900CA1D07 /* GoogleSignInSwift */; };
		28B5BAAF2A5F1D5D00CA1D07 /* GoogleLogin.swift in Sources */ = {isa = PBXBuildFile; fileRef = 28B5BAAE2A5F1D5D00CA1D07 /* GoogleLogin.swift */; };
		28B5BAB42A5FE51F00CA1D07 /* Color.xcassets in Resources */ = {isa = PBXBuildFile; fileRef = 28B5BAB32A5FE51F00CA1D07 /* Color.xcassets */; };
		28B5BAB62A60099400CA1D07 /* ProfileRegisterViewController.swift in Sources */ = {isa = PBXBuildFile; fileRef = 28B5BAB52A60099400CA1D07 /* ProfileRegisterViewController.swift */; };
		28B5BAB82A60391500CA1D07 /* AppleLogin.swift in Sources */ = {isa = PBXBuildFile; fileRef = 28B5BAB72A60391400CA1D07 /* AppleLogin.swift */; };
		28B5BABB2A604E3E00CA1D07 /* GoogleService-Info.plist in Resources */ = {isa = PBXBuildFile; fileRef = 28B5BABA2A604E3E00CA1D07 /* GoogleService-Info.plist */; };
		28B5BABF2A60623000CA1D07 /* UserInfoData.swift in Sources */ = {isa = PBXBuildFile; fileRef = 28B5BABE2A60623000CA1D07 /* UserInfoData.swift */; };
		28D529982A77EE600024581B /* MainTabFlow.swift in Sources */ = {isa = PBXBuildFile; fileRef = 28D529972A77EE600024581B /* MainTabFlow.swift */; };
		28D5299B2A77F1F00024581B /* GoalViewController.swift in Sources */ = {isa = PBXBuildFile; fileRef = 28D5299A2A77F1F00024581B /* GoalViewController.swift */; };
		28D5299D2A77F2040024581B /* GoalFlow.swift in Sources */ = {isa = PBXBuildFile; fileRef = 28D5299C2A77F2040024581B /* GoalFlow.swift */; };
		28D529A02A77F28A0024581B /* ShareViewController.swift in Sources */ = {isa = PBXBuildFile; fileRef = 28D5299F2A77F28A0024581B /* ShareViewController.swift */; };
		28D529A22A77F2960024581B /* ShareFlow.swift in Sources */ = {isa = PBXBuildFile; fileRef = 28D529A12A77F2960024581B /* ShareFlow.swift */; };
		28D529A52A77F2E20024581B /* SettingViewController.swift in Sources */ = {isa = PBXBuildFile; fileRef = 28D529A42A77F2E20024581B /* SettingViewController.swift */; };
		28D529A72A77F2F70024581B /* SettingFlow.swift in Sources */ = {isa = PBXBuildFile; fileRef = 28D529A62A77F2F70024581B /* SettingFlow.swift */; };
/* End PBXBuildFile section */

/* Begin PBXFileReference section */
		289F02E52A70CCA5007543A1 /* AppFlow.swift */ = {isa = PBXFileReference; lastKnownFileType = sourcecode.swift; path = AppFlow.swift; sourceTree = "<group>"; };
		289F02E72A70D213007543A1 /* AppStep.swift */ = {isa = PBXFileReference; lastKnownFileType = sourcecode.swift; path = AppStep.swift; sourceTree = "<group>"; };
		289F03032A72ACDE007543A1 /* AppStepper.swift */ = {isa = PBXFileReference; lastKnownFileType = sourcecode.swift; path = AppStepper.swift; sourceTree = "<group>"; };
		289F03082A72C722007543A1 /* UIApplication+UIViewController.swift */ = {isa = PBXFileReference; lastKnownFileType = sourcecode.swift; path = "UIApplication+UIViewController.swift"; sourceTree = "<group>"; };
		28B5BA692A5F00DB00CA1D07 /* ShareYourGoal.app */ = {isa = PBXFileReference; explicitFileType = wrapper.application; includeInIndex = 0; path = ShareYourGoal.app; sourceTree = BUILT_PRODUCTS_DIR; };
		28B5BA6C2A5F00DB00CA1D07 /* AppDelegate.swift */ = {isa = PBXFileReference; lastKnownFileType = sourcecode.swift; path = AppDelegate.swift; sourceTree = "<group>"; };
		28B5BA6E2A5F00DB00CA1D07 /* SceneDelegate.swift */ = {isa = PBXFileReference; lastKnownFileType = sourcecode.swift; path = SceneDelegate.swift; sourceTree = "<group>"; };
		28B5BA702A5F00DB00CA1D07 /* LoginViewController.swift */ = {isa = PBXFileReference; lastKnownFileType = sourcecode.swift; path = LoginViewController.swift; sourceTree = "<group>"; };
		28B5BA752A5F00DD00CA1D07 /* Assets.xcassets */ = {isa = PBXFileReference; lastKnownFileType = folder.assetcatalog; path = Assets.xcassets; sourceTree = "<group>"; };
		28B5BA782A5F00DD00CA1D07 /* Base */ = {isa = PBXFileReference; lastKnownFileType = file.storyboard; name = Base; path = Base.lproj/LaunchScreen.storyboard; sourceTree = "<group>"; };
		28B5BA7A2A5F00DD00CA1D07 /* Info.plist */ = {isa = PBXFileReference; lastKnownFileType = text.plist.xml; path = Info.plist; sourceTree = "<group>"; };
		28B5BA922A5F07FF00CA1D07 /* ShareYourGoal.entitlements */ = {isa = PBXFileReference; lastKnownFileType = text.plist.entitlements; path = ShareYourGoal.entitlements; sourceTree = "<group>"; };
		28B5BAA22A5F146F00CA1D07 /* LoginReactor.swift */ = {isa = PBXFileReference; lastKnownFileType = sourcecode.swift; path = LoginReactor.swift; sourceTree = "<group>"; };
		28B5BAAE2A5F1D5D00CA1D07 /* GoogleLogin.swift */ = {isa = PBXFileReference; lastKnownFileType = sourcecode.swift; path = GoogleLogin.swift; sourceTree = "<group>"; };
		28B5BAB32A5FE51F00CA1D07 /* Color.xcassets */ = {isa = PBXFileReference; lastKnownFileType = folder.assetcatalog; path = Color.xcassets; sourceTree = "<group>"; };
		28B5BAB52A60099400CA1D07 /* ProfileRegisterViewController.swift */ = {isa = PBXFileReference; lastKnownFileType = sourcecode.swift; path = ProfileRegisterViewController.swift; sourceTree = "<group>"; };
		28B5BAB72A60391400CA1D07 /* AppleLogin.swift */ = {isa = PBXFileReference; lastKnownFileType = sourcecode.swift; path = AppleLogin.swift; sourceTree = "<group>"; };
		28B5BABA2A604E3E00CA1D07 /* GoogleService-Info.plist */ = {isa = PBXFileReference; fileEncoding = 4; lastKnownFileType = text.plist.xml; path = "GoogleService-Info.plist"; sourceTree = "<group>"; };
		28B5BABE2A60623000CA1D07 /* UserInfoData.swift */ = {isa = PBXFileReference; lastKnownFileType = sourcecode.swift; path = UserInfoData.swift; sourceTree = "<group>"; };
		28D529972A77EE600024581B /* MainTabFlow.swift */ = {isa = PBXFileReference; lastKnownFileType = sourcecode.swift; path = MainTabFlow.swift; sourceTree = "<group>"; };
		28D5299A2A77F1F00024581B /* GoalViewController.swift */ = {isa = PBXFileReference; lastKnownFileType = sourcecode.swift; path = GoalViewController.swift; sourceTree = "<group>"; };
		28D5299C2A77F2040024581B /* GoalFlow.swift */ = {isa = PBXFileReference; lastKnownFileType = sourcecode.swift; path = GoalFlow.swift; sourceTree = "<group>"; };
		28D5299F2A77F28A0024581B /* ShareViewController.swift */ = {isa = PBXFileReference; lastKnownFileType = sourcecode.swift; path = ShareViewController.swift; sourceTree = "<group>"; };
		28D529A12A77F2960024581B /* ShareFlow.swift */ = {isa = PBXFileReference; lastKnownFileType = sourcecode.swift; path = ShareFlow.swift; sourceTree = "<group>"; };
		28D529A42A77F2E20024581B /* SettingViewController.swift */ = {isa = PBXFileReference; lastKnownFileType = sourcecode.swift; path = SettingViewController.swift; sourceTree = "<group>"; };
		28D529A62A77F2F70024581B /* SettingFlow.swift */ = {isa = PBXFileReference; lastKnownFileType = sourcecode.swift; path = SettingFlow.swift; sourceTree = "<group>"; };
/* End PBXFileReference section */

/* Begin PBXFrameworksBuildPhase section */
		28B5BA662A5F00DB00CA1D07 /* Frameworks */ = {
			isa = PBXFrameworksBuildPhase;
			buildActionMask = 2147483647;
			files = (
				28B5BA912A5F04C300CA1D07 /* RxFlow in Frameworks */,
				28B5BA9E2A5F106D00CA1D07 /* SnapKit in Frameworks */,
				28B5BA952A5F085100CA1D07 /* FirebaseAuth in Frameworks */,
				28B5BA8B2A5F045700CA1D07 /* RxSwift in Frameworks */,
				28B5BA9B2A5F102B00CA1D07 /* Then in Frameworks */,
				28B5BAAD2A5F1C1900CA1D07 /* GoogleSignInSwift in Frameworks */,
				28B5BA892A5F045700CA1D07 /* RxRelay in Frameworks */,
				28B5BA8E2A5F048F00CA1D07 /* ReactorKit in Frameworks */,
				28B5BA872A5F045700CA1D07 /* RxCocoa in Frameworks */,
				28B5BAAB2A5F1C1900CA1D07 /* GoogleSignIn in Frameworks */,
			);
			runOnlyForDeploymentPostprocessing = 0;
		};
/* End PBXFrameworksBuildPhase section */

/* Begin PBXGroup section */
		289F02E12A70C844007543A1 /* Scene */ = {
			isa = PBXGroup;
			children = (
				289F03022A72AB42007543A1 /* MainTabBar */,
				28B5BAA62A5F16E800CA1D07 /* Login */,
			);
			path = Scene;
			sourceTree = "<group>";
		};
		289F02E42A70CC97007543A1 /* Flows */ = {
			isa = PBXGroup;
			children = (
				289F02E72A70D213007543A1 /* AppStep.swift */,
				289F02E52A70CCA5007543A1 /* AppFlow.swift */,
				289F03032A72ACDE007543A1 /* AppStepper.swift */,
			);
			name = Flows;
			path = Flows/Flows;
			sourceTree = "<group>";
		};
		289F02EC2A70E81D007543A1 /* Applicaiton */ = {
			isa = PBXGroup;
			children = (
				28B5BA6C2A5F00DB00CA1D07 /* AppDelegate.swift */,
				28B5BA6E2A5F00DB00CA1D07 /* SceneDelegate.swift */,
			);
			path = Applicaiton;
			sourceTree = "<group>";
		};
		289F03022A72AB42007543A1 /* MainTabBar */ = {
			isa = PBXGroup;
			children = (
				28D529972A77EE600024581B /* MainTabFlow.swift */,
				28D529A32A77F2CC0024581B /* Setting */,
				28D5299E2A77F2670024581B /* Share */,
				28D529992A77F1C50024581B /* Goal */,
			);
			path = MainTabBar;
			sourceTree = "<group>";
		};
		289F03072A72C70B007543A1 /* Extensions */ = {
			isa = PBXGroup;
			children = (
				289F03082A72C722007543A1 /* UIApplication+UIViewController.swift */,
			);
			path = Extensions;
			sourceTree = "<group>";
		};
		28B5BA602A5F00DB00CA1D07 = {
			isa = PBXGroup;
			children = (
				28B5BA6B2A5F00DB00CA1D07 /* ShareYourGoal */,
				28B5BA6A2A5F00DB00CA1D07 /* Products */,
			);
			sourceTree = "<group>";
		};
		28B5BA6A2A5F00DB00CA1D07 /* Products */ = {
			isa = PBXGroup;
			children = (
				28B5BA692A5F00DB00CA1D07 /* ShareYourGoal.app */,
			);
			name = Products;
			sourceTree = "<group>";
		};
		28B5BA6B2A5F00DB00CA1D07 /* ShareYourGoal */ = {
			isa = PBXGroup;
			children = (
				289F03072A72C70B007543A1 /* Extensions */,
				28B5BA922A5F07FF00CA1D07 /* ShareYourGoal.entitlements */,
				289F02EC2A70E81D007543A1 /* Applicaiton */,
				289F02E42A70CC97007543A1 /* Flows */,
				289F02E12A70C844007543A1 /* Scene */,
				28B5BAA52A5F167300CA1D07 /* Data */,
				28B5BAA42A5F166100CA1D07 /* Service */,
				28B5BA962A5F08BE00CA1D07 /* resource */,
				28B5BA772A5F00DD00CA1D07 /* LaunchScreen.storyboard */,
				28B5BA7A2A5F00DD00CA1D07 /* Info.plist */,
			);
			path = ShareYourGoal;
			sourceTree = "<group>";
		};
		28B5BA962A5F08BE00CA1D07 /* resource */ = {
			isa = PBXGroup;
			children = (
				28B5BABA2A604E3E00CA1D07 /* GoogleService-Info.plist */,
				28B5BA752A5F00DD00CA1D07 /* Assets.xcassets */,
				28B5BAB32A5FE51F00CA1D07 /* Color.xcassets */,
			);
			path = resource;
			sourceTree = "<group>";
		};
		28B5BAA42A5F166100CA1D07 /* Service */ = {
			isa = PBXGroup;
			children = (
				28B5BAB02A5FDC5C00CA1D07 /* Oauth */,
			);
			path = Service;
			sourceTree = "<group>";
		};
		28B5BAA52A5F167300CA1D07 /* Data */ = {
			isa = PBXGroup;
			children = (
				28B5BABE2A60623000CA1D07 /* UserInfoData.swift */,
			);
			path = Data;
			sourceTree = "<group>";
		};
		28B5BAA62A5F16E800CA1D07 /* Login */ = {
			isa = PBXGroup;
			children = (
				28B5BA702A5F00DB00CA1D07 /* LoginViewController.swift */,
				28B5BAA22A5F146F00CA1D07 /* LoginReactor.swift */,
				28B5BAB52A60099400CA1D07 /* ProfileRegisterViewController.swift */,
			);
			path = Login;
			sourceTree = "<group>";
		};
		28B5BAB02A5FDC5C00CA1D07 /* Oauth */ = {
			isa = PBXGroup;
			children = (
				28B5BAAE2A5F1D5D00CA1D07 /* GoogleLogin.swift */,
				28B5BAB72A60391400CA1D07 /* AppleLogin.swift */,
			);
			path = Oauth;
			sourceTree = "<group>";
		};
		28D529992A77F1C50024581B /* Goal */ = {
			isa = PBXGroup;
			children = (
				28D5299A2A77F1F00024581B /* GoalViewController.swift */,
				28D5299C2A77F2040024581B /* GoalFlow.swift */,
			);
			path = Goal;
			sourceTree = "<group>";
		};
		28D5299E2A77F2670024581B /* Share */ = {
			isa = PBXGroup;
			children = (
				28D5299F2A77F28A0024581B /* ShareViewController.swift */,
				28D529A12A77F2960024581B /* ShareFlow.swift */,
			);
			path = Share;
			sourceTree = "<group>";
		};
		28D529A32A77F2CC0024581B /* Setting */ = {
			isa = PBXGroup;
			children = (
				28D529A42A77F2E20024581B /* SettingViewController.swift */,
				28D529A62A77F2F70024581B /* SettingFlow.swift */,
			);
			path = Setting;
			sourceTree = "<group>";
		};
/* End PBXGroup section */

/* Begin PBXNativeTarget section */
		28B5BA682A5F00DB00CA1D07 /* ShareYourGoal */ = {
			isa = PBXNativeTarget;
			buildConfigurationList = 28B5BA7D2A5F00DD00CA1D07 /* Build configuration list for PBXNativeTarget "ShareYourGoal" */;
			buildPhases = (
				28B5BA652A5F00DB00CA1D07 /* Sources */,
				28B5BA662A5F00DB00CA1D07 /* Frameworks */,
				28B5BA672A5F00DB00CA1D07 /* Resources */,
			);
			buildRules = (
			);
			dependencies = (
			);
			name = ShareYourGoal;
			packageProductDependencies = (
				28B5BA862A5F045700CA1D07 /* RxCocoa */,
				28B5BA882A5F045700CA1D07 /* RxRelay */,
				28B5BA8A2A5F045700CA1D07 /* RxSwift */,
				28B5BA8D2A5F048F00CA1D07 /* ReactorKit */,
				28B5BA902A5F04C300CA1D07 /* RxFlow */,
				28B5BA942A5F085100CA1D07 /* FirebaseAuth */,
				28B5BA9A2A5F102B00CA1D07 /* Then */,
				28B5BA9D2A5F106D00CA1D07 /* SnapKit */,
				28B5BAAA2A5F1C1900CA1D07 /* GoogleSignIn */,
				28B5BAAC2A5F1C1900CA1D07 /* GoogleSignInSwift */,
			);
			productName = ShareYourGoal;
			productReference = 28B5BA692A5F00DB00CA1D07 /* ShareYourGoal.app */;
			productType = "com.apple.product-type.application";
		};
/* End PBXNativeTarget section */

/* Begin PBXProject section */
		28B5BA612A5F00DB00CA1D07 /* Project object */ = {
			isa = PBXProject;
			attributes = {
				BuildIndependentTargetsInParallel = 1;
				LastSwiftUpdateCheck = 1430;
				LastUpgradeCheck = 1430;
				TargetAttributes = {
					28B5BA682A5F00DB00CA1D07 = {
						CreatedOnToolsVersion = 14.3.1;
					};
				};
			};
			buildConfigurationList = 28B5BA642A5F00DB00CA1D07 /* Build configuration list for PBXProject "ShareYourGoal" */;
			compatibilityVersion = "Xcode 14.0";
			developmentRegion = en;
			hasScannedForEncodings = 0;
			knownRegions = (
				en,
				Base,
			);
			mainGroup = 28B5BA602A5F00DB00CA1D07;
			packageReferences = (
				28B5BA852A5F045700CA1D07 /* XCRemoteSwiftPackageReference "RxSwift" */,
				28B5BA8C2A5F048F00CA1D07 /* XCRemoteSwiftPackageReference "ReactorKit" */,
				28B5BA8F2A5F04C300CA1D07 /* XCRemoteSwiftPackageReference "RxFlow" */,
				28B5BA932A5F085100CA1D07 /* XCRemoteSwiftPackageReference "firebase-ios-sdk" */,
				28B5BA992A5F102B00CA1D07 /* XCRemoteSwiftPackageReference "Then" */,
				28B5BA9C2A5F106D00CA1D07 /* XCRemoteSwiftPackageReference "SnapKit" */,
				28B5BAA92A5F1C1900CA1D07 /* XCRemoteSwiftPackageReference "GoogleSignIn-iOS" */,
			);
			productRefGroup = 28B5BA6A2A5F00DB00CA1D07 /* Products */;
			projectDirPath = "";
			projectRoot = "";
			targets = (
				28B5BA682A5F00DB00CA1D07 /* ShareYourGoal */,
			);
		};
/* End PBXProject section */

/* Begin PBXResourcesBuildPhase section */
		28B5BA672A5F00DB00CA1D07 /* Resources */ = {
			isa = PBXResourcesBuildPhase;
			buildActionMask = 2147483647;
			files = (
				28B5BA792A5F00DD00CA1D07 /* LaunchScreen.storyboard in Resources */,
				28B5BABB2A604E3E00CA1D07 /* GoogleService-Info.plist in Resources */,
				28B5BAB42A5FE51F00CA1D07 /* Color.xcassets in Resources */,
				28B5BA762A5F00DD00CA1D07 /* Assets.xcassets in Resources */,
			);
			runOnlyForDeploymentPostprocessing = 0;
		};
/* End PBXResourcesBuildPhase section */

/* Begin PBXSourcesBuildPhase section */
		28B5BA652A5F00DB00CA1D07 /* Sources */ = {
			isa = PBXSourcesBuildPhase;
			buildActionMask = 2147483647;
			files = (
				28B5BABF2A60623000CA1D07 /* UserInfoData.swift in Sources */,
				289F02E82A70D213007543A1 /* AppStep.swift in Sources */,
				28B5BAB82A60391500CA1D07 /* AppleLogin.swift in Sources */,
				289F02E62A70CCA5007543A1 /* AppFlow.swift in Sources */,
				28B5BA712A5F00DB00CA1D07 /* LoginViewController.swift in Sources */,
				28D529A52A77F2E20024581B /* SettingViewController.swift in Sources */,
				28B5BA6D2A5F00DB00CA1D07 /* AppDelegate.swift in Sources */,
				28D529A02A77F28A0024581B /* ShareViewController.swift in Sources */,
				28B5BAA32A5F146F00CA1D07 /* LoginReactor.swift in Sources */,
				28D5299B2A77F1F00024581B /* GoalViewController.swift in Sources */,
				28B5BAAF2A5F1D5D00CA1D07 /* GoogleLogin.swift in Sources */,
				28D529A72A77F2F70024581B /* SettingFlow.swift in Sources */,
				28B5BA6F2A5F00DB00CA1D07 /* SceneDelegate.swift in Sources */,
				28D529A22A77F2960024581B /* ShareFlow.swift in Sources */,
				289F03092A72C722007543A1 /* UIApplication+UIViewController.swift in Sources */,
				28D5299D2A77F2040024581B /* GoalFlow.swift in Sources */,
				28B5BAB62A60099400CA1D07 /* ProfileRegisterViewController.swift in Sources */,
				28D529982A77EE600024581B /* MainTabFlow.swift in Sources */,
				289F03042A72ACDF007543A1 /* AppStepper.swift in Sources */,
			);
			runOnlyForDeploymentPostprocessing = 0;
		};
/* End PBXSourcesBuildPhase section */

/* Begin PBXVariantGroup section */
		28B5BA772A5F00DD00CA1D07 /* LaunchScreen.storyboard */ = {
			isa = PBXVariantGroup;
			children = (
				28B5BA782A5F00DD00CA1D07 /* Base */,
			);
			name = LaunchScreen.storyboard;
			sourceTree = "<group>";
		};
/* End PBXVariantGroup section */

/* Begin XCBuildConfiguration section */
		28B5BA7B2A5F00DD00CA1D07 /* Debug */ = {
			isa = XCBuildConfiguration;
			buildSettings = {
				ALWAYS_SEARCH_USER_PATHS = NO;
				CLANG_ANALYZER_NONNULL = YES;
				CLANG_ANALYZER_NUMBER_OBJECT_CONVERSION = YES_AGGRESSIVE;
				CLANG_CXX_LANGUAGE_STANDARD = "gnu++20";
				CLANG_ENABLE_MODULES = YES;
				CLANG_ENABLE_OBJC_ARC = YES;
				CLANG_ENABLE_OBJC_WEAK = YES;
				CLANG_WARN_BLOCK_CAPTURE_AUTORELEASING = YES;
				CLANG_WARN_BOOL_CONVERSION = YES;
				CLANG_WARN_COMMA = YES;
				CLANG_WARN_CONSTANT_CONVERSION = YES;
				CLANG_WARN_DEPRECATED_OBJC_IMPLEMENTATIONS = YES;
				CLANG_WARN_DIRECT_OBJC_ISA_USAGE = YES_ERROR;
				CLANG_WARN_DOCUMENTATION_COMMENTS = YES;
				CLANG_WARN_EMPTY_BODY = YES;
				CLANG_WARN_ENUM_CONVERSION = YES;
				CLANG_WARN_INFINITE_RECURSION = YES;
				CLANG_WARN_INT_CONVERSION = YES;
				CLANG_WARN_NON_LITERAL_NULL_CONVERSION = YES;
				CLANG_WARN_OBJC_IMPLICIT_RETAIN_SELF = YES;
				CLANG_WARN_OBJC_LITERAL_CONVERSION = YES;
				CLANG_WARN_OBJC_ROOT_CLASS = YES_ERROR;
				CLANG_WARN_QUOTED_INCLUDE_IN_FRAMEWORK_HEADER = YES;
				CLANG_WARN_RANGE_LOOP_ANALYSIS = YES;
				CLANG_WARN_STRICT_PROTOTYPES = YES;
				CLANG_WARN_SUSPICIOUS_MOVE = YES;
				CLANG_WARN_UNGUARDED_AVAILABILITY = YES_AGGRESSIVE;
				CLANG_WARN_UNREACHABLE_CODE = YES;
				CLANG_WARN__DUPLICATE_METHOD_MATCH = YES;
				COPY_PHASE_STRIP = NO;
				DEBUG_INFORMATION_FORMAT = dwarf;
				ENABLE_STRICT_OBJC_MSGSEND = YES;
				ENABLE_TESTABILITY = YES;
				GCC_C_LANGUAGE_STANDARD = gnu11;
				GCC_DYNAMIC_NO_PIC = NO;
				GCC_NO_COMMON_BLOCKS = YES;
				GCC_OPTIMIZATION_LEVEL = 0;
				GCC_PREPROCESSOR_DEFINITIONS = (
					"DEBUG=1",
					"$(inherited)",
				);
				GCC_WARN_64_TO_32_BIT_CONVERSION = YES;
				GCC_WARN_ABOUT_RETURN_TYPE = YES_ERROR;
				GCC_WARN_UNDECLARED_SELECTOR = YES;
				GCC_WARN_UNINITIALIZED_AUTOS = YES_AGGRESSIVE;
				GCC_WARN_UNUSED_FUNCTION = YES;
				GCC_WARN_UNUSED_VARIABLE = YES;
				IPHONEOS_DEPLOYMENT_TARGET = 14.0;
				MTL_ENABLE_DEBUG_INFO = INCLUDE_SOURCE;
				MTL_FAST_MATH = YES;
				ONLY_ACTIVE_ARCH = YES;
				SDKROOT = iphoneos;
				SWIFT_ACTIVE_COMPILATION_CONDITIONS = DEBUG;
				SWIFT_OPTIMIZATION_LEVEL = "-Onone";
			};
			name = Debug;
		};
		28B5BA7C2A5F00DD00CA1D07 /* Release */ = {
			isa = XCBuildConfiguration;
			buildSettings = {
				ALWAYS_SEARCH_USER_PATHS = NO;
				CLANG_ANALYZER_NONNULL = YES;
				CLANG_ANALYZER_NUMBER_OBJECT_CONVERSION = YES_AGGRESSIVE;
				CLANG_CXX_LANGUAGE_STANDARD = "gnu++20";
				CLANG_ENABLE_MODULES = YES;
				CLANG_ENABLE_OBJC_ARC = YES;
				CLANG_ENABLE_OBJC_WEAK = YES;
				CLANG_WARN_BLOCK_CAPTURE_AUTORELEASING = YES;
				CLANG_WARN_BOOL_CONVERSION = YES;
				CLANG_WARN_COMMA = YES;
				CLANG_WARN_CONSTANT_CONVERSION = YES;
				CLANG_WARN_DEPRECATED_OBJC_IMPLEMENTATIONS = YES;
				CLANG_WARN_DIRECT_OBJC_ISA_USAGE = YES_ERROR;
				CLANG_WARN_DOCUMENTATION_COMMENTS = YES;
				CLANG_WARN_EMPTY_BODY = YES;
				CLANG_WARN_ENUM_CONVERSION = YES;
				CLANG_WARN_INFINITE_RECURSION = YES;
				CLANG_WARN_INT_CONVERSION = YES;
				CLANG_WARN_NON_LITERAL_NULL_CONVERSION = YES;
				CLANG_WARN_OBJC_IMPLICIT_RETAIN_SELF = YES;
				CLANG_WARN_OBJC_LITERAL_CONVERSION = YES;
				CLANG_WARN_OBJC_ROOT_CLASS = YES_ERROR;
				CLANG_WARN_QUOTED_INCLUDE_IN_FRAMEWORK_HEADER = YES;
				CLANG_WARN_RANGE_LOOP_ANALYSIS = YES;
				CLANG_WARN_STRICT_PROTOTYPES = YES;
				CLANG_WARN_SUSPICIOUS_MOVE = YES;
				CLANG_WARN_UNGUARDED_AVAILABILITY = YES_AGGRESSIVE;
				CLANG_WARN_UNREACHABLE_CODE = YES;
				CLANG_WARN__DUPLICATE_METHOD_MATCH = YES;
				COPY_PHASE_STRIP = NO;
				DEBUG_INFORMATION_FORMAT = "dwarf-with-dsym";
				ENABLE_NS_ASSERTIONS = NO;
				ENABLE_STRICT_OBJC_MSGSEND = YES;
				GCC_C_LANGUAGE_STANDARD = gnu11;
				GCC_NO_COMMON_BLOCKS = YES;
				GCC_WARN_64_TO_32_BIT_CONVERSION = YES;
				GCC_WARN_ABOUT_RETURN_TYPE = YES_ERROR;
				GCC_WARN_UNDECLARED_SELECTOR = YES;
				GCC_WARN_UNINITIALIZED_AUTOS = YES_AGGRESSIVE;
				GCC_WARN_UNUSED_FUNCTION = YES;
				GCC_WARN_UNUSED_VARIABLE = YES;
				IPHONEOS_DEPLOYMENT_TARGET = 14.0;
				MTL_ENABLE_DEBUG_INFO = NO;
				MTL_FAST_MATH = YES;
				SDKROOT = iphoneos;
				SWIFT_COMPILATION_MODE = wholemodule;
				SWIFT_OPTIMIZATION_LEVEL = "-O";
				VALIDATE_PRODUCT = YES;
			};
			name = Release;
		};
		28B5BA7E2A5F00DD00CA1D07 /* Debug */ = {
			isa = XCBuildConfiguration;
			buildSettings = {
				ASSETCATALOG_COMPILER_APPICON_NAME = AppIcon;
				ASSETCATALOG_COMPILER_GLOBAL_ACCENT_COLOR_NAME = AccentColor;
				CODE_SIGN_ENTITLEMENTS = ShareYourGoal/ShareYourGoal.entitlements;
				CODE_SIGN_IDENTITY = "Apple Development";
				CODE_SIGN_STYLE = Automatic;
				CURRENT_PROJECT_VERSION = 1;
				DEVELOPMENT_TEAM = 6YZVGHXP9V;
				GENERATE_INFOPLIST_FILE = YES;
				INFOPLIST_FILE = ShareYourGoal/Info.plist;
				INFOPLIST_KEY_UIApplicationSupportsIndirectInputEvents = YES;
				INFOPLIST_KEY_UILaunchStoryboardName = LaunchScreen;
				INFOPLIST_KEY_UISupportedInterfaceOrientations_iPad = "UIInterfaceOrientationPortrait UIInterfaceOrientationPortraitUpsideDown UIInterfaceOrientationLandscapeLeft UIInterfaceOrientationLandscapeRight";
				INFOPLIST_KEY_UISupportedInterfaceOrientations_iPhone = "UIInterfaceOrientationPortrait UIInterfaceOrientationLandscapeLeft UIInterfaceOrientationLandscapeRight";
				IPHONEOS_DEPLOYMENT_TARGET = 14.0;
				LD_RUNPATH_SEARCH_PATHS = (
					"$(inherited)",
					"@executable_path/Frameworks",
				);
				MARKETING_VERSION = 1.0;
				PRODUCT_BUNDLE_IDENTIFIER = com.dazzledazzleb.ShareYourGoal;
				PRODUCT_NAME = "$(TARGET_NAME)";
				PROVISIONING_PROFILE_SPECIFIER = "";
				SWIFT_EMIT_LOC_STRINGS = YES;
				SWIFT_VERSION = 5.0;
				TARGETED_DEVICE_FAMILY = "1,2";
			};
			name = Debug;
		};
		28B5BA7F2A5F00DD00CA1D07 /* Release */ = {
			isa = XCBuildConfiguration;
			buildSettings = {
				ASSETCATALOG_COMPILER_APPICON_NAME = AppIcon;
				ASSETCATALOG_COMPILER_GLOBAL_ACCENT_COLOR_NAME = AccentColor;
				CODE_SIGN_ENTITLEMENTS = ShareYourGoal/ShareYourGoal.entitlements;
				CODE_SIGN_IDENTITY = "Apple Development";
				CODE_SIGN_STYLE = Automatic;
				CURRENT_PROJECT_VERSION = 1;
				DEVELOPMENT_TEAM = 6YZVGHXP9V;
				GENERATE_INFOPLIST_FILE = YES;
				INFOPLIST_FILE = ShareYourGoal/Info.plist;
				INFOPLIST_KEY_UIApplicationSupportsIndirectInputEvents = YES;
				INFOPLIST_KEY_UILaunchStoryboardName = LaunchScreen;
				INFOPLIST_KEY_UISupportedInterfaceOrientations_iPad = "UIInterfaceOrientationPortrait UIInterfaceOrientationPortraitUpsideDown UIInterfaceOrientationLandscapeLeft UIInterfaceOrientationLandscapeRight";
				INFOPLIST_KEY_UISupportedInterfaceOrientations_iPhone = "UIInterfaceOrientationPortrait UIInterfaceOrientationLandscapeLeft UIInterfaceOrientationLandscapeRight";
				IPHONEOS_DEPLOYMENT_TARGET = 14.0;
				LD_RUNPATH_SEARCH_PATHS = (
					"$(inherited)",
					"@executable_path/Frameworks",
				);
				MARKETING_VERSION = 1.0;
				PRODUCT_BUNDLE_IDENTIFIER = com.dazzledazzleb.ShareYourGoal;
				PRODUCT_NAME = "$(TARGET_NAME)";
				PROVISIONING_PROFILE_SPECIFIER = "";
				SWIFT_EMIT_LOC_STRINGS = YES;
				SWIFT_VERSION = 5.0;
				TARGETED_DEVICE_FAMILY = "1,2";
			};
			name = Release;
		};
/* End XCBuildConfiguration section */

/* Begin XCConfigurationList section */
		28B5BA642A5F00DB00CA1D07 /* Build configuration list for PBXProject "ShareYourGoal" */ = {
			isa = XCConfigurationList;
			buildConfigurations = (
				28B5BA7B2A5F00DD00CA1D07 /* Debug */,
				28B5BA7C2A5F00DD00CA1D07 /* Release */,
			);
			defaultConfigurationIsVisible = 0;
			defaultConfigurationName = Release;
		};
		28B5BA7D2A5F00DD00CA1D07 /* Build configuration list for PBXNativeTarget "ShareYourGoal" */ = {
			isa = XCConfigurationList;
			buildConfigurations = (
				28B5BA7E2A5F00DD00CA1D07 /* Debug */,
				28B5BA7F2A5F00DD00CA1D07 /* Release */,
			);
			defaultConfigurationIsVisible = 0;
			defaultConfigurationName = Release;
		};
/* End XCConfigurationList section */

/* Begin XCRemoteSwiftPackageReference section */
		28B5BA852A5F045700CA1D07 /* XCRemoteSwiftPackageReference "RxSwift" */ = {
			isa = XCRemoteSwiftPackageReference;
			repositoryURL = "https://github.com/ReactiveX/RxSwift.git";
			requirement = {
				kind = upToNextMajorVersion;
				minimumVersion = 6.0.0;
			};
		};
		28B5BA8C2A5F048F00CA1D07 /* XCRemoteSwiftPackageReference "ReactorKit" */ = {
			isa = XCRemoteSwiftPackageReference;
			repositoryURL = "https://github.com/ReactorKit/ReactorKit.git";
			requirement = {
				kind = upToNextMajorVersion;
				minimumVersion = 3.0.0;
			};
		};
		28B5BA8F2A5F04C300CA1D07 /* XCRemoteSwiftPackageReference "RxFlow" */ = {
			isa = XCRemoteSwiftPackageReference;
			repositoryURL = "https://github.com/RxSwiftCommunity/RxFlow.git";
			requirement = {
				kind = upToNextMajorVersion;
				minimumVersion = 2.0.0;
			};
		};
		28B5BA932A5F085100CA1D07 /* XCRemoteSwiftPackageReference "firebase-ios-sdk" */ = {
			isa = XCRemoteSwiftPackageReference;
			repositoryURL = "https://github.com/firebase/firebase-ios-sdk";
			requirement = {
				kind = upToNextMajorVersion;
				minimumVersion = 10.0.0;
			};
		};
		28B5BA992A5F102B00CA1D07 /* XCRemoteSwiftPackageReference "Then" */ = {
			isa = XCRemoteSwiftPackageReference;
			repositoryURL = "https://github.com/devxoul/Then";
			requirement = {
				kind = upToNextMajorVersion;
				minimumVersion = 3.0.0;
			};
		};
		28B5BA9C2A5F106D00CA1D07 /* XCRemoteSwiftPackageReference "SnapKit" */ = {
			isa = XCRemoteSwiftPackageReference;
			repositoryURL = "https://github.com/SnapKit/SnapKit.git";
			requirement = {
				kind = upToNextMajorVersion;
				minimumVersion = 5.0.0;
			};
		};
		28B5BAA92A5F1C1900CA1D07 /* XCRemoteSwiftPackageReference "GoogleSignIn-iOS" */ = {
			isa = XCRemoteSwiftPackageReference;
			repositoryURL = "https://github.com/google/GoogleSignIn-iOS";
			requirement = {
				kind = upToNextMajorVersion;
				minimumVersion = 7.0.0;
			};
		};
/* End XCRemoteSwiftPackageReference section */

/* Begin XCSwiftPackageProductDependency section */
		28B5BA862A5F045700CA1D07 /* RxCocoa */ = {
			isa = XCSwiftPackageProductDependency;
			package = 28B5BA852A5F045700CA1D07 /* XCRemoteSwiftPackageReference "RxSwift" */;
			productName = RxCocoa;
		};
		28B5BA882A5F045700CA1D07 /* RxRelay */ = {
			isa = XCSwiftPackageProductDependency;
			package = 28B5BA852A5F045700CA1D07 /* XCRemoteSwiftPackageReference "RxSwift" */;
			productName = RxRelay;
		};
		28B5BA8A2A5F045700CA1D07 /* RxSwift */ = {
			isa = XCSwiftPackageProductDependency;
			package = 28B5BA852A5F045700CA1D07 /* XCRemoteSwiftPackageReference "RxSwift" */;
			productName = RxSwift;
		};
		28B5BA8D2A5F048F00CA1D07 /* ReactorKit */ = {
			isa = XCSwiftPackageProductDependency;
			package = 28B5BA8C2A5F048F00CA1D07 /* XCRemoteSwiftPackageReference "ReactorKit" */;
			productName = ReactorKit;
		};
		28B5BA902A5F04C300CA1D07 /* RxFlow */ = {
			isa = XCSwiftPackageProductDependency;
			package = 28B5BA8F2A5F04C300CA1D07 /* XCRemoteSwiftPackageReference "RxFlow" */;
			productName = RxFlow;
		};
		28B5BA942A5F085100CA1D07 /* FirebaseAuth */ = {
			isa = XCSwiftPackageProductDependency;
			package = 28B5BA932A5F085100CA1D07 /* XCRemoteSwiftPackageReference "firebase-ios-sdk" */;
			productName = FirebaseAuth;
		};
		28B5BA9A2A5F102B00CA1D07 /* Then */ = {
			isa = XCSwiftPackageProductDependency;
			package = 28B5BA992A5F102B00CA1D07 /* XCRemoteSwiftPackageReference "Then" */;
			productName = Then;
		};
		28B5BA9D2A5F106D00CA1D07 /* SnapKit */ = {
			isa = XCSwiftPackageProductDependency;
			package = 28B5BA9C2A5F106D00CA1D07 /* XCRemoteSwiftPackageReference "SnapKit" */;
			productName = SnapKit;
		};
		28B5BAAA2A5F1C1900CA1D07 /* GoogleSignIn */ = {
			isa = XCSwiftPackageProductDependency;
			package = 28B5BAA92A5F1C1900CA1D07 /* XCRemoteSwiftPackageReference "GoogleSignIn-iOS" */;
			productName = GoogleSignIn;
		};
		28B5BAAC2A5F1C1900CA1D07 /* GoogleSignInSwift */ = {
			isa = XCSwiftPackageProductDependency;
			package = 28B5BAA92A5F1C1900CA1D07 /* XCRemoteSwiftPackageReference "GoogleSignIn-iOS" */;
			productName = GoogleSignInSwift;
		};
/* End XCSwiftPackageProductDependency section */
	};
	rootObject = 28B5BA612A5F00DB00CA1D07 /* Project object */;
}
